
Microsoft Visual Studio Solution File, Format Version 12.00
# Visual Studio Version 17
VisualStudioVersion = 17.12.35514.174
MinimumVisualStudioVersion = 10.0.40219.1
Project("{2150E333-8FDC-42A3-9474-1A3956D46DE8}") = "src", "src", "{D6EDE0C0-5A39-454F-8D06-082DF22D3C7A}"
EndProject
Project("{2150E333-8FDC-42A3-9474-1A3956D46DE8}") = "Backend", "Backend", "{CD796766-BE09-410E-AA3B-C4AA5B7592FD}"
EndProject
Project("{2150E333-8FDC-42A3-9474-1A3956D46DE8}") = "Frontend", "Frontend", "{93C3C72E-C020-4DE3-BB34-8D99926F8058}"
EndProject
Project("{2150E333-8FDC-42A3-9474-1A3956D46DE8}") = "Microservices", "Microservices", "{618B39FD-FAB2-4A47-A507-A333961F315D}"
EndProject
Project("{2150E333-8FDC-42A3-9474-1A3956D46DE8}") = "User", "User", "{20CD6DD9-C10D-4753-9D9D-A30847CE2CD1}"
EndProject
Project("{2150E333-8FDC-42A3-9474-1A3956D46DE8}") = "Community", "Community", "{6EDF22BB-0F3D-4DB0-A898-AD6DDF06D9DC}"
EndProject
Project("{2150E333-8FDC-42A3-9474-1A3956D46DE8}") = "EmailSender", "EmailSender", "{093D2A6B-B19B-4FE7-A14A-8E6A2C547F45}"
EndProject
Project("{FAE04EC0-301F-11D3-BF4B-00C04F79EFBC}") = "NetSpace.User.PublicApi", "src\Backend\Microservices\User\NetSpace.User.PublicApi\NetSpace.User.PublicApi.csproj", "{AA4CB9B2-C12B-402C-A54F-8D8E556B51E8}"
EndProject
Project("{2150E333-8FDC-42A3-9474-1A3956D46DE8}") = "Common", "Common", "{8CBEDA0E-0DAB-4B22-BA0C-0FE3E9A8735F}"
EndProject
Project("{FAE04EC0-301F-11D3-BF4B-00C04F79EFBC}") = "NetSpace.Common.Messages", "src\Backend\Microservices\Common\NetSpace.Common.Messages\NetSpace.Common.Messages.csproj", "{F8232566-1934-4A60-9B3C-470BACC94592}"
EndProject
Project("{FAE04EC0-301F-11D3-BF4B-00C04F79EFBC}") = "NetSpace.EmailSender.Application", "src\Backend\Microservices\EmailSender\NetSpace.EmailSender.Application\NetSpace.EmailSender.Application.csproj", "{CF2BB5CC-8B36-487C-9918-D7EDD2BA7955}"
EndProject
Project("{FAE04EC0-301F-11D3-BF4B-00C04F79EFBC}") = "NetSpace.EmailSender.Infrastructure", "src\Backend\Microservices\EmailSender\NetSpace.EmailSender.Infrastructure\NetSpace.EmailSender.Infrastructure.csproj", "{A954718C-8605-4696-8CA0-BFD22FB2F90F}"
EndProject
Project("{FAE04EC0-301F-11D3-BF4B-00C04F79EFBC}") = "NetSpace.EmailSender.Api", "src\Backend\Microservices\EmailSender\NetSpace.EmailSender.Api\NetSpace.EmailSender.Api.csproj", "{F69E422D-1B4F-4D4A-BA3E-4BF0C2C48B7F}"
EndProject
Project("{2150E333-8FDC-42A3-9474-1A3956D46DE8}") = "Friendship", "Friendship", "{587A7C24-6D0D-4110-A492-D82C56741ABD}"
EndProject
Project("{FAE04EC0-301F-11D3-BF4B-00C04F79EFBC}") = "NetSpace.Friendship.Api", "src\Backend\Microservices\Friendship\NetSpace.Friendship.Api\NetSpace.Friendship.Api.csproj", "{A80BCD9D-4671-4AA8-8D4E-4A228055869D}"
EndProject
Project("{FAE04EC0-301F-11D3-BF4B-00C04F79EFBC}") = "NetSpace.Friendship.Infrastructure", "src\Backend\Microservices\Friendship\NetSpace.Friendship.Infrastructure\NetSpace.Friendship.Infrastructure.csproj", "{D29142AA-CE7C-4E41-A6A9-7508A72CF3C0}"
EndProject
Project("{FAE04EC0-301F-11D3-BF4B-00C04F79EFBC}") = "NetSpace.Friendship.Application", "src\Backend\Microservices\Friendship\NetSpace. Friendship.Application\NetSpace.Friendship.Application.csproj", "{7F0FC8DD-ED0D-42D7-BACF-277942BAB280}"
EndProject
Project("{FAE04EC0-301F-11D3-BF4B-00C04F79EFBC}") = "NetSpace.Friendship.UseCases", "src\Backend\Microservices\Friendship\NetSpace.Friendship.UseCases\NetSpace.Friendship.UseCases.csproj", "{897D11A0-53EF-463B-A249-C38E6B4DEBF5}"
EndProject
Project("{FAE04EC0-301F-11D3-BF4B-00C04F79EFBC}") = "NetSpace.Friendship.Domain", "src\Backend\Microservices\Friendship\NetSpace.Friendship.Domain\NetSpace.Friendship.Domain.csproj", "{CBDFEF1E-0824-4B4F-BF9F-BE0B3616F49E}"
EndProject
Project("{FAE04EC0-301F-11D3-BF4B-00C04F79EFBC}") = "NetSpace.User.Domain", "src\Backend\Microservices\User\NetSpace.User.Domain\NetSpace.User.Domain.csproj", "{3B941489-9532-46CE-BA11-A6BC63C6FADD}"
EndProject
Project("{FAE04EC0-301F-11D3-BF4B-00C04F79EFBC}") = "NetSpace.User.UseCases", "src\Backend\Microservices\User\NetSpace.User.UseCases\NetSpace.User.UseCases.csproj", "{1443083A-2110-43B1-BD01-70C655A3D60D}"
EndProject
Project("{FAE04EC0-301F-11D3-BF4B-00C04F79EFBC}") = "NetSpace.User.Application", "src\Backend\Microservices\User\NetSpace.User.Application\NetSpace.User.Application.csproj", "{F26D873A-D452-4906-82F0-8FDADB0AEF28}"
EndProject
Project("{FAE04EC0-301F-11D3-BF4B-00C04F79EFBC}") = "NetSpace.User.Infrastructure", "src\Backend\Microservices\User\NetSpace.User.Infrastructure\NetSpace.User.Infrastructure.csproj", "{34A3DAE5-B75B-4988-B84A-65837753CDC0}"
EndProject
Project("{FAE04EC0-301F-11D3-BF4B-00C04F79EFBC}") = "NetSpace.Community.Domain", "src\Backend\Microservices\Community\NetSpace.Community.Domain\NetSpace.Community.Domain.csproj", "{54B7CED0-6008-47A7-9B50-E831331DFB14}"
EndProject
Project("{FAE04EC0-301F-11D3-BF4B-00C04F79EFBC}") = "NetSpace.Community.UseCases", "src\Backend\Microservices\Community\NetSpace.Community.UseCases\NetSpace.Community.UseCases.csproj", "{C8EEC222-8073-4B00-B951-3A72EC58B119}"
EndProject
Project("{FAE04EC0-301F-11D3-BF4B-00C04F79EFBC}") = "NetSpace.Community.Application", "src\Backend\Microservices\Community\NetSpace.Community.Application\NetSpace.Community.Application.csproj", "{A7D0D663-7281-45AD-A6C1-328C9D8E7443}"
EndProject
Project("{FAE04EC0-301F-11D3-BF4B-00C04F79EFBC}") = "NetSpace.Community.Infrastructure", "src\Backend\Microservices\Community\NetSpace.Community.Infrastructure\NetSpace.Community.Infrastructure.csproj", "{EED72166-4239-44F9-B1C6-D2AAF7738F69}"
EndProject
Project("{FAE04EC0-301F-11D3-BF4B-00C04F79EFBC}") = "NetSpace.Community.Api", "src\Backend\Microservices\Community\NetSpace.Community.Api\NetSpace.Community.Api.csproj", "{996180C5-0C12-46E7-B751-7A19E864E089}"
EndProject
Project("{FAE04EC0-301F-11D3-BF4B-00C04F79EFBC}") = "NetSpace.ApiGateway", "src\Backend\Microservices\NetSpace.ApiGateway\NetSpace.ApiGateway.csproj", "{337D9864-D7D6-48A7-9D29-C53479735165}"
EndProject
Project("{2150E333-8FDC-42A3-9474-1A3956D46DE8}") = "Solution Items", "Solution Items", "{30B78055-DB93-4A00-A523-515F28093CF0}"
	ProjectSection(SolutionItems) = preProject
		.editorconfig = .editorconfig
	EndProjectSection
EndProject
Project("{2150E333-8FDC-42A3-9474-1A3956D46DE8}") = "Identity", "Identity", "{1FDAA391-BC83-4525-8935-4823F2DA0E93}"
EndProject
Project("{FAE04EC0-301F-11D3-BF4B-00C04F79EFBC}") = "NetSpace.Identity.Domain", "src\Backend\Microservices\Identity\NetSpace.Identity.Domain\NetSpace.Identity.Domain.csproj", "{050D5ABB-8663-4643-9DF6-AC251ECA37BD}"
EndProject
Project("{FAE04EC0-301F-11D3-BF4B-00C04F79EFBC}") = "NetSpace.Identity.UseCases", "src\Backend\Microservices\Identity\NetSpace.Identity.UseCases\NetSpace.Identity.UseCases.csproj", "{DD9333D6-1E82-41AD-BDBA-5A72FE1D1DFF}"
EndProject
Project("{FAE04EC0-301F-11D3-BF4B-00C04F79EFBC}") = "NetSpace.Identity.Application", "src\Backend\Microservices\Identity\NetSpace.Identity.Application\NetSpace.Identity.Application.csproj", "{C36D461A-832C-47B4-9F4E-EC840D225047}"
EndProject
Project("{FAE04EC0-301F-11D3-BF4B-00C04F79EFBC}") = "NetSpace.Identity.Infrastructure", "src\Backend\Microservices\Identity\NetSpace.Identity.Infrastructure\NetSpace.Identity.Infrastructure.csproj", "{5848CFF1-61C4-4554-8BD3-6C33AC8F1F7A}"
EndProject
Project("{FAE04EC0-301F-11D3-BF4B-00C04F79EFBC}") = "NetSpace.Identity.Api", "src\Backend\Microservices\Identity\NetSpace.Identity.Api\NetSpace.Identity.Api.csproj", "{884D5850-4713-42D0-B7C5-A51E822EF574}"
EndProject
Project("{2150E333-8FDC-42A3-9474-1A3956D46DE8}") = "Tests", "Tests", "{DA736C77-7CDC-4237-8FFA-902E3272F476}"
EndProject
Project("{2150E333-8FDC-42A3-9474-1A3956D46DE8}") = "Unit", "Unit", "{94947856-40E3-4979-9233-88269133751A}"
EndProject
Project("{FAE04EC0-301F-11D3-BF4B-00C04F79EFBC}") = "NetSpace.EmailSender.Tests.Unit.Application", "src\Backend\Microservices\EmailSender\Tests\Unit\NetSpace.EmailSender.Tests.Unit.Application\NetSpace.EmailSender.Tests.Unit.Application.csproj", "{2D4B4C72-310E-4E58-A147-2D9FA4498E93}"
EndProject
Project("{2150E333-8FDC-42A3-9474-1A3956D46DE8}") = "Tests", "Tests", "{2229FC1B-7BB9-40CA-9917-85E0BFB3736C}"
EndProject
Project("{2150E333-8FDC-42A3-9474-1A3956D46DE8}") = "Unit", "Unit", "{DD2720AA-8D5F-423F-BB41-C110679199F9}"
EndProject
Project("{FAE04EC0-301F-11D3-BF4B-00C04F79EFBC}") = "NetSpace.Tests.Unit.Application", "src\Backend\Microservices\User\Tests\Unit\NetSpace.Tests.Unit.Application\NetSpace.Tests.Unit.Application.csproj", "{35416263-3DD5-4E40-8AF3-F93DB09BD2CF}"
EndProject
Global
	GlobalSection(SolutionConfigurationPlatforms) = preSolution
		Debug|Any CPU = Debug|Any CPU
		Release|Any CPU = Release|Any CPU
	EndGlobalSection
	GlobalSection(ProjectConfigurationPlatforms) = postSolution
		{AA4CB9B2-C12B-402C-A54F-8D8E556B51E8}.Debug|Any CPU.ActiveCfg = Debug|Any CPU
		{AA4CB9B2-C12B-402C-A54F-8D8E556B51E8}.Debug|Any CPU.Build.0 = Debug|Any CPU
		{AA4CB9B2-C12B-402C-A54F-8D8E556B51E8}.Release|Any CPU.ActiveCfg = Release|Any CPU
		{AA4CB9B2-C12B-402C-A54F-8D8E556B51E8}.Release|Any CPU.Build.0 = Release|Any CPU
		{F8232566-1934-4A60-9B3C-470BACC94592}.Debug|Any CPU.ActiveCfg = Debug|Any CPU
		{F8232566-1934-4A60-9B3C-470BACC94592}.Debug|Any CPU.Build.0 = Debug|Any CPU
		{F8232566-1934-4A60-9B3C-470BACC94592}.Release|Any CPU.ActiveCfg = Release|Any CPU
		{F8232566-1934-4A60-9B3C-470BACC94592}.Release|Any CPU.Build.0 = Release|Any CPU
		{CF2BB5CC-8B36-487C-9918-D7EDD2BA7955}.Debug|Any CPU.ActiveCfg = Debug|Any CPU
		{CF2BB5CC-8B36-487C-9918-D7EDD2BA7955}.Debug|Any CPU.Build.0 = Debug|Any CPU
		{CF2BB5CC-8B36-487C-9918-D7EDD2BA7955}.Release|Any CPU.ActiveCfg = Release|Any CPU
		{CF2BB5CC-8B36-487C-9918-D7EDD2BA7955}.Release|Any CPU.Build.0 = Release|Any CPU
		{A954718C-8605-4696-8CA0-BFD22FB2F90F}.Debug|Any CPU.ActiveCfg = Debug|Any CPU
		{A954718C-8605-4696-8CA0-BFD22FB2F90F}.Debug|Any CPU.Build.0 = Debug|Any CPU
		{A954718C-8605-4696-8CA0-BFD22FB2F90F}.Release|Any CPU.ActiveCfg = Release|Any CPU
		{A954718C-8605-4696-8CA0-BFD22FB2F90F}.Release|Any CPU.Build.0 = Release|Any CPU
		{F69E422D-1B4F-4D4A-BA3E-4BF0C2C48B7F}.Debug|Any CPU.ActiveCfg = Debug|Any CPU
		{F69E422D-1B4F-4D4A-BA3E-4BF0C2C48B7F}.Debug|Any CPU.Build.0 = Debug|Any CPU
		{F69E422D-1B4F-4D4A-BA3E-4BF0C2C48B7F}.Release|Any CPU.ActiveCfg = Release|Any CPU
		{F69E422D-1B4F-4D4A-BA3E-4BF0C2C48B7F}.Release|Any CPU.Build.0 = Release|Any CPU
		{A80BCD9D-4671-4AA8-8D4E-4A228055869D}.Debug|Any CPU.ActiveCfg = Debug|Any CPU
		{A80BCD9D-4671-4AA8-8D4E-4A228055869D}.Debug|Any CPU.Build.0 = Debug|Any CPU
		{A80BCD9D-4671-4AA8-8D4E-4A228055869D}.Release|Any CPU.ActiveCfg = Release|Any CPU
		{A80BCD9D-4671-4AA8-8D4E-4A228055869D}.Release|Any CPU.Build.0 = Release|Any CPU
		{D29142AA-CE7C-4E41-A6A9-7508A72CF3C0}.Debug|Any CPU.ActiveCfg = Debug|Any CPU
		{D29142AA-CE7C-4E41-A6A9-7508A72CF3C0}.Debug|Any CPU.Build.0 = Debug|Any CPU
		{D29142AA-CE7C-4E41-A6A9-7508A72CF3C0}.Release|Any CPU.ActiveCfg = Release|Any CPU
		{D29142AA-CE7C-4E41-A6A9-7508A72CF3C0}.Release|Any CPU.Build.0 = Release|Any CPU
		{7F0FC8DD-ED0D-42D7-BACF-277942BAB280}.Debug|Any CPU.ActiveCfg = Debug|Any CPU
		{7F0FC8DD-ED0D-42D7-BACF-277942BAB280}.Debug|Any CPU.Build.0 = Debug|Any CPU
		{7F0FC8DD-ED0D-42D7-BACF-277942BAB280}.Release|Any CPU.ActiveCfg = Release|Any CPU
		{7F0FC8DD-ED0D-42D7-BACF-277942BAB280}.Release|Any CPU.Build.0 = Release|Any CPU
		{897D11A0-53EF-463B-A249-C38E6B4DEBF5}.Debug|Any CPU.ActiveCfg = Debug|Any CPU
		{897D11A0-53EF-463B-A249-C38E6B4DEBF5}.Debug|Any CPU.Build.0 = Debug|Any CPU
		{897D11A0-53EF-463B-A249-C38E6B4DEBF5}.Release|Any CPU.ActiveCfg = Release|Any CPU
		{897D11A0-53EF-463B-A249-C38E6B4DEBF5}.Release|Any CPU.Build.0 = Release|Any CPU
		{CBDFEF1E-0824-4B4F-BF9F-BE0B3616F49E}.Debug|Any CPU.ActiveCfg = Debug|Any CPU
		{CBDFEF1E-0824-4B4F-BF9F-BE0B3616F49E}.Debug|Any CPU.Build.0 = Debug|Any CPU
		{CBDFEF1E-0824-4B4F-BF9F-BE0B3616F49E}.Release|Any CPU.ActiveCfg = Release|Any CPU
		{CBDFEF1E-0824-4B4F-BF9F-BE0B3616F49E}.Release|Any CPU.Build.0 = Release|Any CPU
		{3B941489-9532-46CE-BA11-A6BC63C6FADD}.Debug|Any CPU.ActiveCfg = Debug|Any CPU
		{3B941489-9532-46CE-BA11-A6BC63C6FADD}.Debug|Any CPU.Build.0 = Debug|Any CPU
		{3B941489-9532-46CE-BA11-A6BC63C6FADD}.Release|Any CPU.ActiveCfg = Release|Any CPU
		{3B941489-9532-46CE-BA11-A6BC63C6FADD}.Release|Any CPU.Build.0 = Release|Any CPU
		{1443083A-2110-43B1-BD01-70C655A3D60D}.Debug|Any CPU.ActiveCfg = Debug|Any CPU
		{1443083A-2110-43B1-BD01-70C655A3D60D}.Debug|Any CPU.Build.0 = Debug|Any CPU
		{1443083A-2110-43B1-BD01-70C655A3D60D}.Release|Any CPU.ActiveCfg = Release|Any CPU
		{1443083A-2110-43B1-BD01-70C655A3D60D}.Release|Any CPU.Build.0 = Release|Any CPU
		{F26D873A-D452-4906-82F0-8FDADB0AEF28}.Debug|Any CPU.ActiveCfg = Debug|Any CPU
		{F26D873A-D452-4906-82F0-8FDADB0AEF28}.Debug|Any CPU.Build.0 = Debug|Any CPU
		{F26D873A-D452-4906-82F0-8FDADB0AEF28}.Release|Any CPU.ActiveCfg = Release|Any CPU
		{F26D873A-D452-4906-82F0-8FDADB0AEF28}.Release|Any CPU.Build.0 = Release|Any CPU
		{34A3DAE5-B75B-4988-B84A-65837753CDC0}.Debug|Any CPU.ActiveCfg = Debug|Any CPU
		{34A3DAE5-B75B-4988-B84A-65837753CDC0}.Debug|Any CPU.Build.0 = Debug|Any CPU
		{34A3DAE5-B75B-4988-B84A-65837753CDC0}.Release|Any CPU.ActiveCfg = Release|Any CPU
		{34A3DAE5-B75B-4988-B84A-65837753CDC0}.Release|Any CPU.Build.0 = Release|Any CPU
		{54B7CED0-6008-47A7-9B50-E831331DFB14}.Debug|Any CPU.ActiveCfg = Debug|Any CPU
		{54B7CED0-6008-47A7-9B50-E831331DFB14}.Debug|Any CPU.Build.0 = Debug|Any CPU
		{54B7CED0-6008-47A7-9B50-E831331DFB14}.Release|Any CPU.ActiveCfg = Release|Any CPU
		{54B7CED0-6008-47A7-9B50-E831331DFB14}.Release|Any CPU.Build.0 = Release|Any CPU
		{C8EEC222-8073-4B00-B951-3A72EC58B119}.Debug|Any CPU.ActiveCfg = Debug|Any CPU
		{C8EEC222-8073-4B00-B951-3A72EC58B119}.Debug|Any CPU.Build.0 = Debug|Any CPU
		{C8EEC222-8073-4B00-B951-3A72EC58B119}.Release|Any CPU.ActiveCfg = Release|Any CPU
		{C8EEC222-8073-4B00-B951-3A72EC58B119}.Release|Any CPU.Build.0 = Release|Any CPU
		{A7D0D663-7281-45AD-A6C1-328C9D8E7443}.Debug|Any CPU.ActiveCfg = Debug|Any CPU
		{A7D0D663-7281-45AD-A6C1-328C9D8E7443}.Debug|Any CPU.Build.0 = Debug|Any CPU
		{A7D0D663-7281-45AD-A6C1-328C9D8E7443}.Release|Any CPU.ActiveCfg = Release|Any CPU
		{A7D0D663-7281-45AD-A6C1-328C9D8E7443}.Release|Any CPU.Build.0 = Release|Any CPU
		{EED72166-4239-44F9-B1C6-D2AAF7738F69}.Debug|Any CPU.ActiveCfg = Debug|Any CPU
		{EED72166-4239-44F9-B1C6-D2AAF7738F69}.Debug|Any CPU.Build.0 = Debug|Any CPU
		{EED72166-4239-44F9-B1C6-D2AAF7738F69}.Release|Any CPU.ActiveCfg = Release|Any CPU
		{EED72166-4239-44F9-B1C6-D2AAF7738F69}.Release|Any CPU.Build.0 = Release|Any CPU
		{996180C5-0C12-46E7-B751-7A19E864E089}.Debug|Any CPU.ActiveCfg = Debug|Any CPU
		{996180C5-0C12-46E7-B751-7A19E864E089}.Debug|Any CPU.Build.0 = Debug|Any CPU
		{996180C5-0C12-46E7-B751-7A19E864E089}.Release|Any CPU.ActiveCfg = Release|Any CPU
		{996180C5-0C12-46E7-B751-7A19E864E089}.Release|Any CPU.Build.0 = Release|Any CPU
		{337D9864-D7D6-48A7-9D29-C53479735165}.Debug|Any CPU.ActiveCfg = Debug|Any CPU
		{337D9864-D7D6-48A7-9D29-C53479735165}.Debug|Any CPU.Build.0 = Debug|Any CPU
		{337D9864-D7D6-48A7-9D29-C53479735165}.Release|Any CPU.ActiveCfg = Release|Any CPU
		{337D9864-D7D6-48A7-9D29-C53479735165}.Release|Any CPU.Build.0 = Release|Any CPU
		{050D5ABB-8663-4643-9DF6-AC251ECA37BD}.Debug|Any CPU.ActiveCfg = Debug|Any CPU
		{050D5ABB-8663-4643-9DF6-AC251ECA37BD}.Debug|Any CPU.Build.0 = Debug|Any CPU
		{050D5ABB-8663-4643-9DF6-AC251ECA37BD}.Release|Any CPU.ActiveCfg = Release|Any CPU
		{050D5ABB-8663-4643-9DF6-AC251ECA37BD}.Release|Any CPU.Build.0 = Release|Any CPU
		{DD9333D6-1E82-41AD-BDBA-5A72FE1D1DFF}.Debug|Any CPU.ActiveCfg = Debug|Any CPU
		{DD9333D6-1E82-41AD-BDBA-5A72FE1D1DFF}.Debug|Any CPU.Build.0 = Debug|Any CPU
		{DD9333D6-1E82-41AD-BDBA-5A72FE1D1DFF}.Release|Any CPU.ActiveCfg = Release|Any CPU
		{DD9333D6-1E82-41AD-BDBA-5A72FE1D1DFF}.Release|Any CPU.Build.0 = Release|Any CPU
		{C36D461A-832C-47B4-9F4E-EC840D225047}.Debug|Any CPU.ActiveCfg = Debug|Any CPU
		{C36D461A-832C-47B4-9F4E-EC840D225047}.Debug|Any CPU.Build.0 = Debug|Any CPU
		{C36D461A-832C-47B4-9F4E-EC840D225047}.Release|Any CPU.ActiveCfg = Release|Any CPU
		{C36D461A-832C-47B4-9F4E-EC840D225047}.Release|Any CPU.Build.0 = Release|Any CPU
		{5848CFF1-61C4-4554-8BD3-6C33AC8F1F7A}.Debug|Any CPU.ActiveCfg = Debug|Any CPU
		{5848CFF1-61C4-4554-8BD3-6C33AC8F1F7A}.Debug|Any CPU.Build.0 = Debug|Any CPU
		{5848CFF1-61C4-4554-8BD3-6C33AC8F1F7A}.Release|Any CPU.ActiveCfg = Release|Any CPU
		{5848CFF1-61C4-4554-8BD3-6C33AC8F1F7A}.Release|Any CPU.Build.0 = Release|Any CPU
		{884D5850-4713-42D0-B7C5-A51E822EF574}.Debug|Any CPU.ActiveCfg = Debug|Any CPU
		{884D5850-4713-42D0-B7C5-A51E822EF574}.Debug|Any CPU.Build.0 = Debug|Any CPU
		{884D5850-4713-42D0-B7C5-A51E822EF574}.Release|Any CPU.ActiveCfg = Release|Any CPU
		{884D5850-4713-42D0-B7C5-A51E822EF574}.Release|Any CPU.Build.0 = Release|Any CPU
		{2D4B4C72-310E-4E58-A147-2D9FA4498E93}.Debug|Any CPU.ActiveCfg = Debug|Any CPU
		{2D4B4C72-310E-4E58-A147-2D9FA4498E93}.Debug|Any CPU.Build.0 = Debug|Any CPU
		{2D4B4C72-310E-4E58-A147-2D9FA4498E93}.Release|Any CPU.ActiveCfg = Release|Any CPU
		{2D4B4C72-310E-4E58-A147-2D9FA4498E93}.Release|Any CPU.Build.0 = Release|Any CPU
		{35416263-3DD5-4E40-8AF3-F93DB09BD2CF}.Debug|Any CPU.ActiveCfg = Debug|Any CPU
		{35416263-3DD5-4E40-8AF3-F93DB09BD2CF}.Debug|Any CPU.Build.0 = Debug|Any CPU
		{35416263-3DD5-4E40-8AF3-F93DB09BD2CF}.Release|Any CPU.ActiveCfg = Release|Any CPU
		{35416263-3DD5-4E40-8AF3-F93DB09BD2CF}.Release|Any CPU.Build.0 = Release|Any CPU
	EndGlobalSection
	GlobalSection(SolutionProperties) = preSolution
		HideSolutionNode = FALSE
	EndGlobalSection
	GlobalSection(NestedProjects) = preSolution
		{CD796766-BE09-410E-AA3B-C4AA5B7592FD} = {D6EDE0C0-5A39-454F-8D06-082DF22D3C7A}
		{93C3C72E-C020-4DE3-BB34-8D99926F8058} = {D6EDE0C0-5A39-454F-8D06-082DF22D3C7A}
		{618B39FD-FAB2-4A47-A507-A333961F315D} = {CD796766-BE09-410E-AA3B-C4AA5B7592FD}
		{20CD6DD9-C10D-4753-9D9D-A30847CE2CD1} = {618B39FD-FAB2-4A47-A507-A333961F315D}
		{6EDF22BB-0F3D-4DB0-A898-AD6DDF06D9DC} = {618B39FD-FAB2-4A47-A507-A333961F315D}
		{093D2A6B-B19B-4FE7-A14A-8E6A2C547F45} = {618B39FD-FAB2-4A47-A507-A333961F315D}
		{AA4CB9B2-C12B-402C-A54F-8D8E556B51E8} = {20CD6DD9-C10D-4753-9D9D-A30847CE2CD1}
		{8CBEDA0E-0DAB-4B22-BA0C-0FE3E9A8735F} = {618B39FD-FAB2-4A47-A507-A333961F315D}
		{F8232566-1934-4A60-9B3C-470BACC94592} = {8CBEDA0E-0DAB-4B22-BA0C-0FE3E9A8735F}
		{CF2BB5CC-8B36-487C-9918-D7EDD2BA7955} = {093D2A6B-B19B-4FE7-A14A-8E6A2C547F45}
		{A954718C-8605-4696-8CA0-BFD22FB2F90F} = {093D2A6B-B19B-4FE7-A14A-8E6A2C547F45}
		{F69E422D-1B4F-4D4A-BA3E-4BF0C2C48B7F} = {093D2A6B-B19B-4FE7-A14A-8E6A2C547F45}
		{587A7C24-6D0D-4110-A492-D82C56741ABD} = {618B39FD-FAB2-4A47-A507-A333961F315D}
		{A80BCD9D-4671-4AA8-8D4E-4A228055869D} = {587A7C24-6D0D-4110-A492-D82C56741ABD}
		{D29142AA-CE7C-4E41-A6A9-7508A72CF3C0} = {587A7C24-6D0D-4110-A492-D82C56741ABD}
		{7F0FC8DD-ED0D-42D7-BACF-277942BAB280} = {587A7C24-6D0D-4110-A492-D82C56741ABD}
		{897D11A0-53EF-463B-A249-C38E6B4DEBF5} = {587A7C24-6D0D-4110-A492-D82C56741ABD}
		{CBDFEF1E-0824-4B4F-BF9F-BE0B3616F49E} = {587A7C24-6D0D-4110-A492-D82C56741ABD}
		{3B941489-9532-46CE-BA11-A6BC63C6FADD} = {20CD6DD9-C10D-4753-9D9D-A30847CE2CD1}
		{1443083A-2110-43B1-BD01-70C655A3D60D} = {20CD6DD9-C10D-4753-9D9D-A30847CE2CD1}
		{F26D873A-D452-4906-82F0-8FDADB0AEF28} = {20CD6DD9-C10D-4753-9D9D-A30847CE2CD1}
		{34A3DAE5-B75B-4988-B84A-65837753CDC0} = {20CD6DD9-C10D-4753-9D9D-A30847CE2CD1}
		{54B7CED0-6008-47A7-9B50-E831331DFB14} = {6EDF22BB-0F3D-4DB0-A898-AD6DDF06D9DC}
		{C8EEC222-8073-4B00-B951-3A72EC58B119} = {6EDF22BB-0F3D-4DB0-A898-AD6DDF06D9DC}
		{A7D0D663-7281-45AD-A6C1-328C9D8E7443} = {6EDF22BB-0F3D-4DB0-A898-AD6DDF06D9DC}
		{EED72166-4239-44F9-B1C6-D2AAF7738F69} = {6EDF22BB-0F3D-4DB0-A898-AD6DDF06D9DC}
		{996180C5-0C12-46E7-B751-7A19E864E089} = {6EDF22BB-0F3D-4DB0-A898-AD6DDF06D9DC}
		{337D9864-D7D6-48A7-9D29-C53479735165} = {618B39FD-FAB2-4A47-A507-A333961F315D}
		{1FDAA391-BC83-4525-8935-4823F2DA0E93} = {618B39FD-FAB2-4A47-A507-A333961F315D}
		{050D5ABB-8663-4643-9DF6-AC251ECA37BD} = {1FDAA391-BC83-4525-8935-4823F2DA0E93}
		{DD9333D6-1E82-41AD-BDBA-5A72FE1D1DFF} = {1FDAA391-BC83-4525-8935-4823F2DA0E93}
		{C36D461A-832C-47B4-9F4E-EC840D225047} = {1FDAA391-BC83-4525-8935-4823F2DA0E93}
		{5848CFF1-61C4-4554-8BD3-6C33AC8F1F7A} = {1FDAA391-BC83-4525-8935-4823F2DA0E93}
		{884D5850-4713-42D0-B7C5-A51E822EF574} = {1FDAA391-BC83-4525-8935-4823F2DA0E93}
		{DA736C77-7CDC-4237-8FFA-902E3272F476} = {093D2A6B-B19B-4FE7-A14A-8E6A2C547F45}
		{94947856-40E3-4979-9233-88269133751A} = {DA736C77-7CDC-4237-8FFA-902E3272F476}
		{2D4B4C72-310E-4E58-A147-2D9FA4498E93} = {94947856-40E3-4979-9233-88269133751A}
		{2229FC1B-7BB9-40CA-9917-85E0BFB3736C} = {20CD6DD9-C10D-4753-9D9D-A30847CE2CD1}
		{DD2720AA-8D5F-423F-BB41-C110679199F9} = {2229FC1B-7BB9-40CA-9917-85E0BFB3736C}
		{35416263-3DD5-4E40-8AF3-F93DB09BD2CF} = {DD2720AA-8D5F-423F-BB41-C110679199F9}
	EndGlobalSection
EndGlobal
